
Microsoft Visual Studio Solution File, Format Version 12.00
# Visual Studio Version 16
VisualStudioVersion = 16.0.28729.10
MinimumVisualStudioVersion = 10.0.40219.1
Project("{FAE04EC0-301F-11D3-BF4B-00C04F79EFBC}") = "BackDoor-PRO", "BackDoor-PRO\BackDoor-PRO.csproj", "{B9AE634A-DEEE-437A-9854-CD5D7F8584DC}"
EndProject
Global
	GlobalSection(SolutionConfigurationPlatforms) = preSolution
		Debug|Any CPU = Debug|Any CPU
		Release|Any CPU = Release|Any CPU
	EndGlobalSection
	GlobalSection(ProjectConfigurationPlatforms) = postSolution
		{B9AE634A-DEEE-437A-9854-CD5D7F8584DC}.Debug|Any CPU.ActiveCfg = Debug|Any CPU
		{B9AE634A-DEEE-437A-9854-CD5D7F8584DC}.Debug|Any CPU.Build.0 = Debug|Any CPU
		{B9AE634A-DEEE-437A-9854-CD5D7F8584DC}.Release|Any CPU.ActiveCfg = Release|Any CPU
		{B9AE634A-DEEE-437A-9854-CD5D7F8584DC}.Release|Any CPU.Build.0 = Release|Any CPU
	EndGlobalSection
	GlobalSection(SolutionProperties) = preSolution
		HideSolutionNode = FALSE
	EndGlobalSection
	GlobalSection(ExtensibilityGlobals) = postSolution
		SolutionGuid = {91C6D013-01F2-465F-9AAE-0A4BA0EEB8D9}
	EndGlobalSection
EndGlobal
